{
  "name": "drone-plugin-git-sync",
  "version": "2.1.0",
  "lockfileVersion": 1,
  "requires": true,
  "dependencies": {
    "balanced-match": {
      "version": "1.0.0",
      "resolved": "http://registry.npm.taobao.org/balanced-match/download/balanced-match-1.0.0.tgz",
      "integrity": "sha1-ibTRmasr7kneFk6gK4nORi1xt2c="
    },
    "brace-expansion": {
      "version": "1.1.11",
      "resolved": "http://registry.npm.taobao.org/brace-expansion/download/brace-expansion-1.1.11.tgz",
      "integrity": "sha1-PH/L9SnYcibz0vUrlm/1Jx60Qd0=",
      "requires": {
        "balanced-match": "1.0.0",
        "concat-map": "0.0.1"
      }
    },
    "concat-map": {
      "version": "0.0.1",
      "resolved": "http://registry.npm.taobao.org/concat-map/download/concat-map-0.0.1.tgz",
      "integrity": "sha1-2Klr13/Wjfd5OnMDajug1UBdR3s="
    },
    "cross-env": {
      "version": "5.2.0",
      "resolved": "http://registry.npm.taobao.org/cross-env/download/cross-env-5.2.0.tgz",
      "integrity": "sha1-bs1MAV1Xc+YUA57lKQdmabnRJvI=",
      "requires": {
        "cross-spawn": "6.0.5",
        "is-windows": "1.0.2"
      }
    },
    "cross-spawn": {
      "version": "6.0.5",
      "resolved": "http://registry.npm.taobao.org/cross-spawn/download/cross-spawn-6.0.5.tgz",
      "integrity": "sha1-Sl7Hxk364iw6FBJNus3uhG2Ay8Q=",
      "requires": {
        "nice-try": "1.0.5",
        "path-key": "2.0.1",
        "semver": "5.6.0",
        "shebang-command": "1.2.0",
        "which": "1.3.1"
      }
    },
    "debug": {
      "version": "4.1.0",
      "resolved": "http://registry.npm.taobao.org/debug/download/debug-4.1.0.tgz",
      "integrity": "sha1-NzaHv/pnizixzZH4YbY4UANd3Ic=",
      "requires": {
        "ms": "2.1.1"
      }
    },
    "define-properties": {
      "version": "1.1.3",
      "resolved": "http://registry.npm.taobao.org/define-properties/download/define-properties-1.1.3.tgz",
      "integrity": "sha1-z4jabL7ib+bbcJT2HYcMvYTO6fE=",
      "requires": {
        "object-keys": "1.0.12"
      }
    },
    "es-abstract": {
      "version": "1.12.0",
      "resolved": "http://registry.npm.taobao.org/es-abstract/download/es-abstract-1.12.0.tgz",
      "integrity": "sha1-nbvdJ8aFbwABQhyhh4LXhr+KYWU=",
      "requires": {
        "es-to-primitive": "1.2.0",
        "function-bind": "1.1.1",
        "has": "1.0.3",
        "is-callable": "1.1.4",
        "is-regex": "1.0.4"
      }
    },
    "es-to-primitive": {
      "version": "1.2.0",
      "resolved": "http://registry.npm.taobao.org/es-to-primitive/download/es-to-primitive-1.2.0.tgz",
      "integrity": "sha1-7fckeAM0VujdqO8J4ArZZQcH83c=",
      "requires": {
        "is-callable": "1.1.4",
        "is-date-object": "1.0.1",
        "is-symbol": "1.0.2"
      }
    },
    "fs-extra": {
      "version": "7.0.1",
      "resolved": "http://registry.npm.taobao.org/fs-extra/download/fs-extra-7.0.1.tgz",
      "integrity": "sha1-TxicRKoSO4lfcigE9V6iPq3DSOk=",
      "requires": {
        "graceful-fs": "4.1.15",
        "jsonfile": "4.0.0",
        "universalify": "0.1.2"
      }
    },
    "fs.realpath": {
      "version": "1.0.0",
      "resolved": "http://registry.npm.taobao.org/fs.realpath/download/fs.realpath-1.0.0.tgz",
      "integrity": "sha1-FQStJSMVjKpA20onh8sBQRmU6k8="
    },
    "function-bind": {
      "version": "1.1.1",
      "resolved": "http://registry.npm.taobao.org/function-bind/download/function-bind-1.1.1.tgz",
      "integrity": "sha1-pWiZ0+o8m6uHS7l3O3xe3pL0iV0="
    },
    "glob": {
      "version": "7.1.3",
      "resolved": "http://registry.npm.taobao.org/glob/download/glob-7.1.3.tgz",
      "integrity": "sha1-OWCDLT8VdBCDQtr9OmezMsCWnfE=",
      "requires": {
        "fs.realpath": "1.0.0",
        "inflight": "1.0.6",
        "inherits": "2.0.3",
        "minimatch": "3.0.4",
        "once": "1.4.0",
        "path-is-absolute": "1.0.1"
      }
    },
    "graceful-fs": {
      "version": "4.1.15",
      "resolved": "http://registry.npm.taobao.org/graceful-fs/download/graceful-fs-4.1.15.tgz",
      "integrity": "sha1-/7cD4QZuig7qpMi4C6klPu77+wA="
    },
    "has": {
      "version": "1.0.3",
      "resolved": "http://registry.npm.taobao.org/has/download/has-1.0.3.tgz",
      "integrity": "sha1-ci18v8H2qoJB8W3YFOAR4fQeh5Y=",
      "requires": {
        "function-bind": "1.1.1"
      }
    },
    "has-symbols": {
      "version": "1.0.0",
      "resolved": "http://registry.npm.taobao.org/has-symbols/download/has-symbols-1.0.0.tgz",
      "integrity": "sha1-uhqPGvKg/DllD1yFA2dwQSIGO0Q="
    },
    "inflight": {
      "version": "1.0.6",
      "resolved": "http://registry.npm.taobao.org/inflight/download/inflight-1.0.6.tgz",
      "integrity": "sha1-Sb1jMdfQLQwJvJEKEHW6gWW1bfk=",
      "requires": {
        "once": "1.4.0",
        "wrappy": "1.0.2"
      }
    },
    "inherits": {
      "version": "2.0.3",
      "resolved": "http://registry.npm.taobao.org/inherits/download/inherits-2.0.3.tgz",
      "integrity": "sha1-Yzwsg+PaQqUC9SRmAiSA9CCCYd4="
    },
    "is-callable": {
      "version": "1.1.4",
      "resolved": "http://registry.npm.taobao.org/is-callable/download/is-callable-1.1.4.tgz",
      "integrity": "sha1-HhrfIZ4e62hNaR+dagX/DTCiTXU="
    },
    "is-date-object": {
      "version": "1.0.1",
      "resolved": "http://registry.npm.taobao.org/is-date-object/download/is-date-object-1.0.1.tgz",
      "integrity": "sha1-mqIOtq7rv/d/vTPnTKAbM1gdOhY="
    },
    "is-regex": {
      "version": "1.0.4",
      "resolved": "http://registry.npm.taobao.org/is-regex/download/is-regex-1.0.4.tgz",
      "integrity": "sha1-VRdIm1RwkbCTDglWVM7SXul+lJE=",
      "requires": {
        "has": "1.0.3"
      }
    },
    "is-symbol": {
      "version": "1.0.2",
      "resolved": "http://registry.npm.taobao.org/is-symbol/download/is-symbol-1.0.2.tgz",
      "integrity": "sha1-oFX2rlcZLK7jKeeoYBGLSXqVDzg=",
      "requires": {
        "has-symbols": "1.0.0"
      }
    },
    "is-windows": {
      "version": "1.0.2",
      "resolved": "http://registry.npm.taobao.org/is-windows/download/is-windows-1.0.2.tgz",
      "integrity": "sha1-0YUOuXkezRjmGCzhKjDzlmNLsZ0="
    },
    "isexe": {
      "version": "2.0.0",
      "resolved": "http://registry.npm.taobao.org/isexe/download/isexe-2.0.0.tgz",
      "integrity": "sha1-6PvzdNxVb/iUehDcsFctYz8s+hA="
    },
    "jsonfile": {
      "version": "4.0.0",
      "resolved": "http://registry.npm.taobao.org/jsonfile/download/jsonfile-4.0.0.tgz",
      "integrity": "sha1-h3Gq4HmbZAdrdmQPygWPnBDjPss=",
      "requires": {
        "graceful-fs": "4.1.15"
      }
    },
    "minimatch": {
      "version": "3.0.4",
      "resolved": "http://registry.npm.taobao.org/minimatch/download/minimatch-3.0.4.tgz",
      "integrity": "sha1-UWbihkV/AzBgZL5Ul+jbsMPTIIM=",
      "requires": {
        "brace-expansion": "1.1.11"
      }
    },
    "ms": {
      "version": "2.1.1",
      "resolved": "http://registry.npm.taobao.org/ms/download/ms-2.1.1.tgz",
      "integrity": "sha1-MKWGTrPrsKZvLr5tcnrwagnYbgo="
    },
    "nice-try": {
      "version": "1.0.5",
      "resolved": "http://registry.npm.taobao.org/nice-try/download/nice-try-1.0.5.tgz",
      "integrity": "sha1-ozeKdpbOfSI+iPybdkvX7xCJ42Y="
    },
    "object-keys": {
      "version": "1.0.12",
      "resolved": "http://registry.npm.taobao.org/object-keys/download/object-keys-1.0.12.tgz",
      "integrity": "sha1-CcU4VTd1dTEMymL1W7M0q/97PtI="
    },
    "object.fromentries": {
      "version": "2.0.0",
      "resolved": "http://registry.npm.taobao.org/object.fromentries/download/object.fromentries-2.0.0.tgz",
      "integrity": "sha1-SaVD2SFR+Cd7OslgDx6TCxidMKs=",
      "requires": {
        "define-properties": "1.1.3",
        "es-abstract": "1.12.0",
        "function-bind": "1.1.1",
        "has": "1.0.3"
      }
    },
    "once": {
      "version": "1.4.0",
      "resolved": "http://registry.npm.taobao.org/once/download/once-1.4.0.tgz",
      "integrity": "sha1-WDsap3WWHUsROsF9nFC6753Xa9E=",
      "requires": {
        "wrappy": "1.0.2"
      }
    },
    "path-is-absolute": {
      "version": "1.0.1",
      "resolved": "http://registry.npm.taobao.org/path-is-absolute/download/path-is-absolute-1.0.1.tgz",
      "integrity": "sha1-F0uSaHNVNP+8es5r9TpanhtcX18="
    },
    "path-key": {
      "version": "2.0.1",
      "resolved": "http://registry.npm.taobao.org/path-key/download/path-key-2.0.1.tgz",
      "integrity": "sha1-QRyttXTFoUDTpLGRDUDYDMn0C0A="
    },
    "semver": {
      "version": "5.6.0",
      "resolved": "http://registry.npm.taobao.org/semver/download/semver-5.6.0.tgz",
      "integrity": "sha1-fnQlb7qknHWqfHogXMInmcrIAAQ="
    },
    "shebang-command": {
      "version": "1.2.0",
      "resolved": "http://registry.npm.taobao.org/shebang-command/download/shebang-command-1.2.0.tgz",
      "integrity": "sha1-RKrGW2lbAzmJaMOfNj/uXer98eo=",
      "requires": {
        "shebang-regex": "1.0.0"
      }
    },
    "shebang-regex": {
      "version": "1.0.0",
      "resolved": "http://registry.npm.taobao.org/shebang-regex/download/shebang-regex-1.0.0.tgz",
      "integrity": "sha1-2kL0l0DAtC2yypcoVxyxkMmO/qM="
    },
    "simple-git": {
      "version": "1.107.0",
      "resolved": "http://registry.npm.taobao.org/simple-git/download/simple-git-1.107.0.tgz",
      "integrity": "sha1-Es/68mHBTW9FD3/bhsIczulos4M=",
      "requires": {
        "debug": "4.1.0"
      }
    },
    "universalify": {
      "version": "0.1.2",
      "resolved": "http://registry.npm.taobao.org/universalify/download/universalify-0.1.2.tgz",
      "integrity": "sha1-tkb2m+OULavOzJ1mOcgNwQXvqmY="
    },
    "which": {
      "version": "1.3.1",
      "resolved": "http://registry.npm.taobao.org/which/download/which-1.3.1.tgz",
      "integrity": "sha1-pFBD1U9YBTFtqNYvn1CRjT2nCwo=",
      "requires": {
        "isexe": "2.0.0"
      }
    },
    "wrappy": {
      "version": "1.0.2",
      "resolved": "http://registry.npm.taobao.org/wrappy/download/wrappy-1.0.2.tgz",
      "integrity": "sha1-tSQ9jz7BqjXxNkYFvA0QNuMKtp8="
    }
  }
}
